
Microsoft Visual Studio Solution File, Format Version 12.00
# Visual Studio 15
VisualStudioVersion = 15.0.27130.2010
MinimumVisualStudioVersion = 10.0.40219.1
Project("{FAE04EC0-301F-11D3-BF4B-00C04F79EFBC}") = "PrintCorrectAssociation", "PrintCorrectAssociation\PrintCorrectAssociation.csproj", "{BB1AD3B8-91A8-452D-A287-CA9EAFA6FE1E}"
EndProject
Global
	GlobalSection(SolutionConfigurationPlatforms) = preSolution
		Debug|Any CPU = Debug|Any CPU
		Release|Any CPU = Release|Any CPU
	EndGlobalSection
	GlobalSection(ProjectConfigurationPlatforms) = postSolution
		{BB1AD3B8-91A8-452D-A287-CA9EAFA6FE1E}.Debug|Any CPU.ActiveCfg = Debug|Any CPU
		{BB1AD3B8-91A8-452D-A287-CA9EAFA6FE1E}.Debug|Any CPU.Build.0 = Debug|Any CPU
		{BB1AD3B8-91A8-452D-A287-CA9EAFA6FE1E}.Release|Any CPU.ActiveCfg = Release|Any CPU
		{BB1AD3B8-91A8-452D-A287-CA9EAFA6FE1E}.Release|Any CPU.Build.0 = Release|Any CPU
	EndGlobalSection
	GlobalSection(SolutionProperties) = preSolution
		HideSolutionNode = FALSE
	EndGlobalSection
	GlobalSection(ExtensibilityGlobals) = postSolution
		SolutionGuid = {C73B5F05-B0A6-4FDA-8265-8B7992E7C0D0}
	EndGlobalSection
EndGlobal
