
Microsoft Visual Studio Solution File, Format Version 12.00
# Visual Studio 15
VisualStudioVersion = 15.0.27130.2010
MinimumVisualStudioVersion = 10.0.40219.1
Project("{FAE04EC0-301F-11D3-BF4B-00C04F79EFBC}") = "Practicing", "Practicing\Practicing.csproj", "{73338E83-41EF-4A4D-AB2F-1411741B606C}"
EndProject
Global
	GlobalSection(SolutionConfigurationPlatforms) = preSolution
		Debug|Any CPU = Debug|Any CPU
		Release|Any CPU = Release|Any CPU
	EndGlobalSection
	GlobalSection(ProjectConfigurationPlatforms) = postSolution
		{73338E83-41EF-4A4D-AB2F-1411741B606C}.Debug|Any CPU.ActiveCfg = Debug|Any CPU
		{73338E83-41EF-4A4D-AB2F-1411741B606C}.Debug|Any CPU.Build.0 = Debug|Any CPU
		{73338E83-41EF-4A4D-AB2F-1411741B606C}.Release|Any CPU.ActiveCfg = Release|Any CPU
		{73338E83-41EF-4A4D-AB2F-1411741B606C}.Release|Any CPU.Build.0 = Release|Any CPU
	EndGlobalSection
	GlobalSection(SolutionProperties) = preSolution
		HideSolutionNode = FALSE
	EndGlobalSection
	GlobalSection(ExtensibilityGlobals) = postSolution
		SolutionGuid = {B0BD8682-FD4D-4D67-87F7-D7E4EB148923}
	EndGlobalSection
EndGlobal
